// !$*UTF8*$!
{
	archiveVersion = 1;
	classes = {
	};
	objectVersion = 56;
	objects = {

/* Begin PBXBuildFile section */
		313AD21B298F74240084FD98 /* LoginViewController.swift in Sources */ = {isa = PBXBuildFile; fileRef = 313AD21A298F74240084FD98 /* LoginViewController.swift */; };
		3169B4572991CB80009566AB /* StatusTableViewController.swift in Sources */ = {isa = PBXBuildFile; fileRef = 3169B4562991CB80009566AB /* StatusTableViewController.swift */; };
		31B0B43D298F9872009F37FA /* HomeTableViewController.swift in Sources */ = {isa = PBXBuildFile; fileRef = 31B0B43C298F9872009F37FA /* HomeTableViewController.swift */; };
		37570CDF29A2DE6C00047A6C /* SearchTableViewController.swift in Sources */ = {isa = PBXBuildFile; fileRef = 37570CDE29A2DE6C00047A6C /* SearchTableViewController.swift */; };
		37570CE129A2DE7B00047A6C /* SearchTableViewCell.swift in Sources */ = {isa = PBXBuildFile; fileRef = 37570CE029A2DE7B00047A6C /* SearchTableViewCell.swift */; };
		37669C9D298C65BB001AA388 /* FirebaseAnalytics in Frameworks */ = {isa = PBXBuildFile; productRef = 37669C9C298C65BB001AA388 /* FirebaseAnalytics */; };
		37669C9F298C65BB001AA388 /* FirebaseAuth in Frameworks */ = {isa = PBXBuildFile; productRef = 37669C9E298C65BB001AA388 /* FirebaseAuth */; };
		37669CA1298C65BB001AA388 /* FirebaseFirestore in Frameworks */ = {isa = PBXBuildFile; productRef = 37669CA0298C65BB001AA388 /* FirebaseFirestore */; };
		37669CA3298C65BB001AA388 /* FirebaseFirestoreSwift in Frameworks */ = {isa = PBXBuildFile; productRef = 37669CA2298C65BB001AA388 /* FirebaseFirestoreSwift */; };
		37669CA5298C65BB001AA388 /* FirebaseMessaging in Frameworks */ = {isa = PBXBuildFile; productRef = 37669CA4298C65BB001AA388 /* FirebaseMessaging */; };
		37669CA7298C65BB001AA388 /* FirebaseStorage in Frameworks */ = {isa = PBXBuildFile; productRef = 37669CA6298C65BB001AA388 /* FirebaseStorage */; };
		37669CAA298C6DAA001AA388 /* Realm in Frameworks */ = {isa = PBXBuildFile; productRef = 37669CA9298C6DAA001AA388 /* Realm */; };
		37669CAD298C71FF001AA388 /* Gallery in Frameworks */ = {isa = PBXBuildFile; productRef = 37669CAC298C71FF001AA388 /* Gallery */; };
		37669CB0298C726B001AA388 /* MessageKit in Frameworks */ = {isa = PBXBuildFile; productRef = 37669CAF298C726B001AA388 /* MessageKit */; };
		37669CB3298C72CC001AA388 /* ProgressHUD in Frameworks */ = {isa = PBXBuildFile; productRef = 37669CB2298C72CC001AA388 /* ProgressHUD */; };
		37669CB6298C73B9001AA388 /* SKPhotoBrowser in Frameworks */ = {isa = PBXBuildFile; productRef = 37669CB5298C73B9001AA388 /* SKPhotoBrowser */; };
		37669CB9298C7418001AA388 /* InputBarAccessoryView in Frameworks */ = {isa = PBXBuildFile; productRef = 37669CB8298C7418001AA388 /* InputBarAccessoryView */; };
		37669CBB298C7AC3001AA388 /* GoogleService-Info.plist in Resources */ = {isa = PBXBuildFile; fileRef = 37669CBA298C7AC3001AA388 /* GoogleService-Info.plist */; };
		37669CBE298C7D8C001AA388 /* RegisterViewController.swift in Sources */ = {isa = PBXBuildFile; fileRef = 37669CBD298C7D8C001AA388 /* RegisterViewController.swift */; };
		37669CC3298C8176001AA388 /* User.swift in Sources */ = {isa = PBXBuildFile; fileRef = 37669CC2298C8176001AA388 /* User.swift */; };
		37669CC5298C829C001AA388 /* Helper.swift in Sources */ = {isa = PBXBuildFile; fileRef = 37669CC4298C829C001AA388 /* Helper.swift */; };
		37669CC7298C8368001AA388 /* FirebaseUser.swift in Sources */ = {isa = PBXBuildFile; fileRef = 37669CC6298C8368001AA388 /* FirebaseUser.swift */; };
		377860B92990AA630093A492 /* ProfileViewController.swift in Sources */ = {isa = PBXBuildFile; fileRef = 377860B82990AA630093A492 /* ProfileViewController.swift */; };
		377860BB2991B6270093A492 /* ProfileSeetingsTableViewController.swift in Sources */ = {isa = PBXBuildFile; fileRef = 377860BA2991B6270093A492 /* ProfileSeetingsTableViewController.swift */; };
		377ED9CF29762EB200C418D5 /* AppDelegate.swift in Sources */ = {isa = PBXBuildFile; fileRef = 377ED9CE29762EB200C418D5 /* AppDelegate.swift */; };
		377ED9D129762EB200C418D5 /* SceneDelegate.swift in Sources */ = {isa = PBXBuildFile; fileRef = 377ED9D029762EB200C418D5 /* SceneDelegate.swift */; };
		377ED9D329762EB200C418D5 /* ViewController.swift in Sources */ = {isa = PBXBuildFile; fileRef = 377ED9D229762EB200C418D5 /* ViewController.swift */; };
		377ED9D629762EB200C418D5 /* Main.storyboard in Resources */ = {isa = PBXBuildFile; fileRef = 377ED9D429762EB200C418D5 /* Main.storyboard */; };
		377ED9D829762EB400C418D5 /* Assets.xcassets in Resources */ = {isa = PBXBuildFile; fileRef = 377ED9D729762EB400C418D5 /* Assets.xcassets */; };
		377ED9DB29762EB400C418D5 /* LaunchScreen.storyboard in Resources */ = {isa = PBXBuildFile; fileRef = 377ED9D929762EB400C418D5 /* LaunchScreen.storyboard */; };
		37B31F3B2991F60F008D7216 /* EditUserInfoTableViewController.swift in Sources */ = {isa = PBXBuildFile; fileRef = 37B31F3A2991F60F008D7216 /* EditUserInfoTableViewController.swift */; };
		37B31F3D2991F81B008D7216 /* FirebaseProfile.swift in Sources */ = {isa = PBXBuildFile; fileRef = 37B31F3C2991F81B008D7216 /* FirebaseProfile.swift */; };
/* End PBXBuildFile section */

/* Begin PBXFileReference section */
		313AD21A298F74240084FD98 /* LoginViewController.swift */ = {isa = PBXFileReference; lastKnownFileType = sourcecode.swift; path = LoginViewController.swift; sourceTree = "<group>"; };
		3169B4562991CB80009566AB /* StatusTableViewController.swift */ = {isa = PBXFileReference; lastKnownFileType = sourcecode.swift; path = StatusTableViewController.swift; sourceTree = "<group>"; };
		31B0B43C298F9872009F37FA /* HomeTableViewController.swift */ = {isa = PBXFileReference; lastKnownFileType = sourcecode.swift; path = HomeTableViewController.swift; sourceTree = "<group>"; };
		37570CDE29A2DE6C00047A6C /* SearchTableViewController.swift */ = {isa = PBXFileReference; lastKnownFileType = sourcecode.swift; path = SearchTableViewController.swift; sourceTree = "<group>"; };
		37570CE029A2DE7B00047A6C /* SearchTableViewCell.swift */ = {isa = PBXFileReference; lastKnownFileType = sourcecode.swift; path = SearchTableViewCell.swift; sourceTree = "<group>"; };
		37669CBA298C7AC3001AA388 /* GoogleService-Info.plist */ = {isa = PBXFileReference; fileEncoding = 4; lastKnownFileType = text.plist.xml; path = "GoogleService-Info.plist"; sourceTree = "<group>"; };
		37669CBD298C7D8C001AA388 /* RegisterViewController.swift */ = {isa = PBXFileReference; lastKnownFileType = sourcecode.swift; path = RegisterViewController.swift; sourceTree = "<group>"; };
		37669CC2298C8176001AA388 /* User.swift */ = {isa = PBXFileReference; lastKnownFileType = sourcecode.swift; path = User.swift; sourceTree = "<group>"; };
		37669CC4298C829C001AA388 /* Helper.swift */ = {isa = PBXFileReference; lastKnownFileType = sourcecode.swift; path = Helper.swift; sourceTree = "<group>"; };
		37669CC6298C8368001AA388 /* FirebaseUser.swift */ = {isa = PBXFileReference; lastKnownFileType = sourcecode.swift; path = FirebaseUser.swift; sourceTree = "<group>"; };
		377860B82990AA630093A492 /* ProfileViewController.swift */ = {isa = PBXFileReference; lastKnownFileType = sourcecode.swift; path = ProfileViewController.swift; sourceTree = "<group>"; };
		377860BA2991B6270093A492 /* ProfileSeetingsTableViewController.swift */ = {isa = PBXFileReference; lastKnownFileType = sourcecode.swift; path = ProfileSeetingsTableViewController.swift; sourceTree = "<group>"; };
		377ED9CB29762EB200C418D5 /* BeeChat.app */ = {isa = PBXFileReference; explicitFileType = wrapper.application; includeInIndex = 0; path = BeeChat.app; sourceTree = BUILT_PRODUCTS_DIR; };
		377ED9CE29762EB200C418D5 /* AppDelegate.swift */ = {isa = PBXFileReference; lastKnownFileType = sourcecode.swift; path = AppDelegate.swift; sourceTree = "<group>"; };
		377ED9D029762EB200C418D5 /* SceneDelegate.swift */ = {isa = PBXFileReference; lastKnownFileType = sourcecode.swift; path = SceneDelegate.swift; sourceTree = "<group>"; };
		377ED9D229762EB200C418D5 /* ViewController.swift */ = {isa = PBXFileReference; lastKnownFileType = sourcecode.swift; path = ViewController.swift; sourceTree = "<group>"; };
		377ED9D529762EB200C418D5 /* Base */ = {isa = PBXFileReference; lastKnownFileType = file.storyboard; name = Base; path = Base.lproj/Main.storyboard; sourceTree = "<group>"; };
		377ED9D729762EB400C418D5 /* Assets.xcassets */ = {isa = PBXFileReference; lastKnownFileType = folder.assetcatalog; path = Assets.xcassets; sourceTree = "<group>"; };
		377ED9DA29762EB400C418D5 /* Base */ = {isa = PBXFileReference; lastKnownFileType = file.storyboard; name = Base; path = Base.lproj/LaunchScreen.storyboard; sourceTree = "<group>"; };
		377ED9DC29762EB400C418D5 /* Info.plist */ = {isa = PBXFileReference; lastKnownFileType = text.plist.xml; path = Info.plist; sourceTree = "<group>"; };
		37B31F3A2991F60F008D7216 /* EditUserInfoTableViewController.swift */ = {isa = PBXFileReference; lastKnownFileType = sourcecode.swift; path = EditUserInfoTableViewController.swift; sourceTree = "<group>"; };
		37B31F3C2991F81B008D7216 /* FirebaseProfile.swift */ = {isa = PBXFileReference; lastKnownFileType = sourcecode.swift; path = FirebaseProfile.swift; sourceTree = "<group>"; };
/* End PBXFileReference section */

/* Begin PBXFrameworksBuildPhase section */
		377ED9C829762EB200C418D5 /* Frameworks */ = {
			isa = PBXFrameworksBuildPhase;
			buildActionMask = 2147483647;
			files = (
				37669CAA298C6DAA001AA388 /* Realm in Frameworks */,
				37669C9D298C65BB001AA388 /* FirebaseAnalytics in Frameworks */,
				37669C9F298C65BB001AA388 /* FirebaseAuth in Frameworks */,
				37669CB0298C726B001AA388 /* MessageKit in Frameworks */,
				37669CA5298C65BB001AA388 /* FirebaseMessaging in Frameworks */,
				37669CB9298C7418001AA388 /* InputBarAccessoryView in Frameworks */,
				37669CB3298C72CC001AA388 /* ProgressHUD in Frameworks */,
				37669CB6298C73B9001AA388 /* SKPhotoBrowser in Frameworks */,
				37669CA1298C65BB001AA388 /* FirebaseFirestore in Frameworks */,
				37669CA3298C65BB001AA388 /* FirebaseFirestoreSwift in Frameworks */,
				37669CA7298C65BB001AA388 /* FirebaseStorage in Frameworks */,
				37669CAD298C71FF001AA388 /* Gallery in Frameworks */,
			);
			runOnlyForDeploymentPostprocessing = 0;
		};
/* End PBXFrameworksBuildPhase section */

/* Begin PBXGroup section */
		37669CBC298C7D6C001AA388 /* View */ = {
			isa = PBXGroup;
			children = (
				377ED9D229762EB200C418D5 /* ViewController.swift */,
				37669CBD298C7D8C001AA388 /* RegisterViewController.swift */,
				313AD21A298F74240084FD98 /* LoginViewController.swift */,
				31B0B43C298F9872009F37FA /* HomeTableViewController.swift */,
				377860B82990AA630093A492 /* ProfileViewController.swift */,
				377860BA2991B6270093A492 /* ProfileSeetingsTableViewController.swift */,
				3169B4562991CB80009566AB /* StatusTableViewController.swift */,
				37B31F3A2991F60F008D7216 /* EditUserInfoTableViewController.swift */,
				37570CDE29A2DE6C00047A6C /* SearchTableViewController.swift */,
				37570CE029A2DE7B00047A6C /* SearchTableViewCell.swift */,
			);
			path = View;
			sourceTree = "<group>";
		};
		37669CBF298C8100001AA388 /* Model */ = {
			isa = PBXGroup;
			children = (
				37669CC2298C8176001AA388 /* User.swift */,
			);
			path = Model;
			sourceTree = "<group>";
		};
		37669CC0298C810E001AA388 /* Helpers */ = {
			isa = PBXGroup;
			children = (
				37669CC4298C829C001AA388 /* Helper.swift */,
				37669CC6298C8368001AA388 /* FirebaseUser.swift */,
				37B31F3C2991F81B008D7216 /* FirebaseProfile.swift */,
			);
			path = Helpers;
			sourceTree = "<group>";
		};
		377ED9C229762EB200C418D5 = {
			isa = PBXGroup;
			children = (
				377ED9CD29762EB200C418D5 /* BeeChat */,
				377ED9CC29762EB200C418D5 /* Products */,
			);
			sourceTree = "<group>";
		};
		377ED9CC29762EB200C418D5 /* Products */ = {
			isa = PBXGroup;
			children = (
				377ED9CB29762EB200C418D5 /* BeeChat.app */,
			);
			name = Products;
			sourceTree = "<group>";
		};
		377ED9CD29762EB200C418D5 /* BeeChat */ = {
			isa = PBXGroup;
			children = (
				37669CC0298C810E001AA388 /* Helpers */,
				37669CBF298C8100001AA388 /* Model */,
				37669CBC298C7D6C001AA388 /* View */,
				377ED9CE29762EB200C418D5 /* AppDelegate.swift */,
				377ED9D029762EB200C418D5 /* SceneDelegate.swift */,
				377ED9D429762EB200C418D5 /* Main.storyboard */,
				377ED9D729762EB400C418D5 /* Assets.xcassets */,
				377ED9D929762EB400C418D5 /* LaunchScreen.storyboard */,
				37669CBA298C7AC3001AA388 /* GoogleService-Info.plist */,
				377ED9DC29762EB400C418D5 /* Info.plist */,
			);
			path = BeeChat;
			sourceTree = "<group>";
		};
/* End PBXGroup section */

/* Begin PBXNativeTarget section */
		377ED9CA29762EB200C418D5 /* BeeChat */ = {
			isa = PBXNativeTarget;
			buildConfigurationList = 377ED9DF29762EB400C418D5 /* Build configuration list for PBXNativeTarget "BeeChat" */;
			buildPhases = (
				377ED9C729762EB200C418D5 /* Sources */,
				377ED9C829762EB200C418D5 /* Frameworks */,
				377ED9C929762EB200C418D5 /* Resources */,
			);
			buildRules = (
			);
			dependencies = (
			);
			name = BeeChat;
			packageProductDependencies = (
				37669C9C298C65BB001AA388 /* FirebaseAnalytics */,
				37669C9E298C65BB001AA388 /* FirebaseAuth */,
				37669CA0298C65BB001AA388 /* FirebaseFirestore */,
				37669CA2298C65BB001AA388 /* FirebaseFirestoreSwift */,
				37669CA4298C65BB001AA388 /* FirebaseMessaging */,
				37669CA6298C65BB001AA388 /* FirebaseStorage */,
				37669CA9298C6DAA001AA388 /* Realm */,
				37669CAC298C71FF001AA388 /* Gallery */,
				37669CAF298C726B001AA388 /* MessageKit */,
				37669CB2298C72CC001AA388 /* ProgressHUD */,
				37669CB5298C73B9001AA388 /* SKPhotoBrowser */,
				37669CB8298C7418001AA388 /* InputBarAccessoryView */,
			);
			productName = BeeChat;
			productReference = 377ED9CB29762EB200C418D5 /* BeeChat.app */;
			productType = "com.apple.product-type.application";
		};
/* End PBXNativeTarget section */

/* Begin PBXProject section */
		377ED9C329762EB200C418D5 /* Project object */ = {
			isa = PBXProject;
			attributes = {
				BuildIndependentTargetsInParallel = 1;
				LastSwiftUpdateCheck = 1400;
				LastUpgradeCheck = 1400;
				TargetAttributes = {
					377ED9CA29762EB200C418D5 = {
						CreatedOnToolsVersion = 14.0;
					};
				};
			};
			buildConfigurationList = 377ED9C629762EB200C418D5 /* Build configuration list for PBXProject "BeeChat" */;
			compatibilityVersion = "Xcode 14.0";
			developmentRegion = en;
			hasScannedForEncodings = 0;
			knownRegions = (
				en,
				Base,
			);
			mainGroup = 377ED9C229762EB200C418D5;
			packageReferences = (
				37669C9B298C65BB001AA388 /* XCRemoteSwiftPackageReference "firebase-ios-sdk" */,
				37669CA8298C6DAA001AA388 /* XCRemoteSwiftPackageReference "realm-swift" */,
				37669CAB298C71FF001AA388 /* XCRemoteSwiftPackageReference "Gallery" */,
				37669CAE298C726B001AA388 /* XCRemoteSwiftPackageReference "MessageKit" */,
				37669CB1298C72CC001AA388 /* XCRemoteSwiftPackageReference "ProgressHUD" */,
				37669CB4298C73B9001AA388 /* XCRemoteSwiftPackageReference "SKPhotoBrowser" */,
				37669CB7298C7418001AA388 /* XCRemoteSwiftPackageReference "InputBarAccessoryView" */,
			);
			productRefGroup = 377ED9CC29762EB200C418D5 /* Products */;
			projectDirPath = "";
			projectRoot = "";
			targets = (
				377ED9CA29762EB200C418D5 /* BeeChat */,
			);
		};
/* End PBXProject section */

/* Begin PBXResourcesBuildPhase section */
		377ED9C929762EB200C418D5 /* Resources */ = {
			isa = PBXResourcesBuildPhase;
			buildActionMask = 2147483647;
			files = (
				37669CBB298C7AC3001AA388 /* GoogleService-Info.plist in Resources */,
				377ED9DB29762EB400C418D5 /* LaunchScreen.storyboard in Resources */,
				377ED9D829762EB400C418D5 /* Assets.xcassets in Resources */,
				377ED9D629762EB200C418D5 /* Main.storyboard in Resources */,
			);
			runOnlyForDeploymentPostprocessing = 0;
		};
/* End PBXResourcesBuildPhase section */

/* Begin PBXSourcesBuildPhase section */
		377ED9C729762EB200C418D5 /* Sources */ = {
			isa = PBXSourcesBuildPhase;
			buildActionMask = 2147483647;
			files = (
				377ED9D329762EB200C418D5 /* ViewController.swift in Sources */,
				37B31F3B2991F60F008D7216 /* EditUserInfoTableViewController.swift in Sources */,
				377ED9CF29762EB200C418D5 /* AppDelegate.swift in Sources */,
				377860B92990AA630093A492 /* ProfileViewController.swift in Sources */,
				377ED9D129762EB200C418D5 /* SceneDelegate.swift in Sources */,
				37669CC7298C8368001AA388 /* FirebaseUser.swift in Sources */,
				313AD21B298F74240084FD98 /* LoginViewController.swift in Sources */,
				37570CDF29A2DE6C00047A6C /* SearchTableViewController.swift in Sources */,
				37669CC3298C8176001AA388 /* User.swift in Sources */,
				37B31F3D2991F81B008D7216 /* FirebaseProfile.swift in Sources */,
				31B0B43D298F9872009F37FA /* HomeTableViewController.swift in Sources */,
				37669CBE298C7D8C001AA388 /* RegisterViewController.swift in Sources */,
				3169B4572991CB80009566AB /* StatusTableViewController.swift in Sources */,
				37570CE129A2DE7B00047A6C /* SearchTableViewCell.swift in Sources */,
				377860BB2991B6270093A492 /* ProfileSeetingsTableViewController.swift in Sources */,
				37669CC5298C829C001AA388 /* Helper.swift in Sources */,
			);
			runOnlyForDeploymentPostprocessing = 0;
		};
/* End PBXSourcesBuildPhase section */

/* Begin PBXVariantGroup section */
		377ED9D429762EB200C418D5 /* Main.storyboard */ = {
			isa = PBXVariantGroup;
			children = (
				377ED9D529762EB200C418D5 /* Base */,
			);
			name = Main.storyboard;
			sourceTree = "<group>";
		};
		377ED9D929762EB400C418D5 /* LaunchScreen.storyboard */ = {
			isa = PBXVariantGroup;
			children = (
				377ED9DA29762EB400C418D5 /* Base */,
			);
			name = LaunchScreen.storyboard;
			sourceTree = "<group>";
		};
/* End PBXVariantGroup section */

/* Begin XCBuildConfiguration section */
		377ED9DD29762EB400C418D5 /* Debug */ = {
			isa = XCBuildConfiguration;
			buildSettings = {
				ALWAYS_SEARCH_USER_PATHS = NO;
				CLANG_ANALYZER_NONNULL = YES;
				CLANG_ANALYZER_NUMBER_OBJECT_CONVERSION = YES_AGGRESSIVE;
				CLANG_CXX_LANGUAGE_STANDARD = "gnu++20";
				CLANG_ENABLE_MODULES = YES;
				CLANG_ENABLE_OBJC_ARC = YES;
				CLANG_ENABLE_OBJC_WEAK = YES;
				CLANG_WARN_BLOCK_CAPTURE_AUTORELEASING = YES;
				CLANG_WARN_BOOL_CONVERSION = YES;
				CLANG_WARN_COMMA = YES;
				CLANG_WARN_CONSTANT_CONVERSION = YES;
				CLANG_WARN_DEPRECATED_OBJC_IMPLEMENTATIONS = YES;
				CLANG_WARN_DIRECT_OBJC_ISA_USAGE = YES_ERROR;
				CLANG_WARN_DOCUMENTATION_COMMENTS = YES;
				CLANG_WARN_EMPTY_BODY = YES;
				CLANG_WARN_ENUM_CONVERSION = YES;
				CLANG_WARN_INFINITE_RECURSION = YES;
				CLANG_WARN_INT_CONVERSION = YES;
				CLANG_WARN_NON_LITERAL_NULL_CONVERSION = YES;
				CLANG_WARN_OBJC_IMPLICIT_RETAIN_SELF = YES;
				CLANG_WARN_OBJC_LITERAL_CONVERSION = YES;
				CLANG_WARN_OBJC_ROOT_CLASS = YES_ERROR;
				CLANG_WARN_QUOTED_INCLUDE_IN_FRAMEWORK_HEADER = YES;
				CLANG_WARN_RANGE_LOOP_ANALYSIS = YES;
				CLANG_WARN_STRICT_PROTOTYPES = YES;
				CLANG_WARN_SUSPICIOUS_MOVE = YES;
				CLANG_WARN_UNGUARDED_AVAILABILITY = YES_AGGRESSIVE;
				CLANG_WARN_UNREACHABLE_CODE = YES;
				CLANG_WARN__DUPLICATE_METHOD_MATCH = YES;
				COPY_PHASE_STRIP = NO;
				DEBUG_INFORMATION_FORMAT = dwarf;
				ENABLE_STRICT_OBJC_MSGSEND = YES;
				ENABLE_TESTABILITY = YES;
				GCC_C_LANGUAGE_STANDARD = gnu11;
				GCC_DYNAMIC_NO_PIC = NO;
				GCC_NO_COMMON_BLOCKS = YES;
				GCC_OPTIMIZATION_LEVEL = 0;
				GCC_PREPROCESSOR_DEFINITIONS = (
					"DEBUG=1",
					"$(inherited)",
				);
				GCC_WARN_64_TO_32_BIT_CONVERSION = YES;
				GCC_WARN_ABOUT_RETURN_TYPE = YES_ERROR;
				GCC_WARN_UNDECLARED_SELECTOR = YES;
				GCC_WARN_UNINITIALIZED_AUTOS = YES_AGGRESSIVE;
				GCC_WARN_UNUSED_FUNCTION = YES;
				GCC_WARN_UNUSED_VARIABLE = YES;
				IPHONEOS_DEPLOYMENT_TARGET = 16.0;
				MTL_ENABLE_DEBUG_INFO = INCLUDE_SOURCE;
				MTL_FAST_MATH = YES;
				ONLY_ACTIVE_ARCH = YES;
				SDKROOT = iphoneos;
				SWIFT_ACTIVE_COMPILATION_CONDITIONS = DEBUG;
				SWIFT_OPTIMIZATION_LEVEL = "-Onone";
			};
			name = Debug;
		};
		377ED9DE29762EB400C418D5 /* Release */ = {
			isa = XCBuildConfiguration;
			buildSettings = {
				ALWAYS_SEARCH_USER_PATHS = NO;
				CLANG_ANALYZER_NONNULL = YES;
				CLANG_ANALYZER_NUMBER_OBJECT_CONVERSION = YES_AGGRESSIVE;
				CLANG_CXX_LANGUAGE_STANDARD = "gnu++20";
				CLANG_ENABLE_MODULES = YES;
				CLANG_ENABLE_OBJC_ARC = YES;
				CLANG_ENABLE_OBJC_WEAK = YES;
				CLANG_WARN_BLOCK_CAPTURE_AUTORELEASING = YES;
				CLANG_WARN_BOOL_CONVERSION = YES;
				CLANG_WARN_COMMA = YES;
				CLANG_WARN_CONSTANT_CONVERSION = YES;
				CLANG_WARN_DEPRECATED_OBJC_IMPLEMENTATIONS = YES;
				CLANG_WARN_DIRECT_OBJC_ISA_USAGE = YES_ERROR;
				CLANG_WARN_DOCUMENTATION_COMMENTS = YES;
				CLANG_WARN_EMPTY_BODY = YES;
				CLANG_WARN_ENUM_CONVERSION = YES;
				CLANG_WARN_INFINITE_RECURSION = YES;
				CLANG_WARN_INT_CONVERSION = YES;
				CLANG_WARN_NON_LITERAL_NULL_CONVERSION = YES;
				CLANG_WARN_OBJC_IMPLICIT_RETAIN_SELF = YES;
				CLANG_WARN_OBJC_LITERAL_CONVERSION = YES;
				CLANG_WARN_OBJC_ROOT_CLASS = YES_ERROR;
				CLANG_WARN_QUOTED_INCLUDE_IN_FRAMEWORK_HEADER = YES;
				CLANG_WARN_RANGE_LOOP_ANALYSIS = YES;
				CLANG_WARN_STRICT_PROTOTYPES = YES;
				CLANG_WARN_SUSPICIOUS_MOVE = YES;
				CLANG_WARN_UNGUARDED_AVAILABILITY = YES_AGGRESSIVE;
				CLANG_WARN_UNREACHABLE_CODE = YES;
				CLANG_WARN__DUPLICATE_METHOD_MATCH = YES;
				COPY_PHASE_STRIP = NO;
				DEBUG_INFORMATION_FORMAT = "dwarf-with-dsym";
				ENABLE_NS_ASSERTIONS = NO;
				ENABLE_STRICT_OBJC_MSGSEND = YES;
				GCC_C_LANGUAGE_STANDARD = gnu11;
				GCC_NO_COMMON_BLOCKS = YES;
				GCC_WARN_64_TO_32_BIT_CONVERSION = YES;
				GCC_WARN_ABOUT_RETURN_TYPE = YES_ERROR;
				GCC_WARN_UNDECLARED_SELECTOR = YES;
				GCC_WARN_UNINITIALIZED_AUTOS = YES_AGGRESSIVE;
				GCC_WARN_UNUSED_FUNCTION = YES;
				GCC_WARN_UNUSED_VARIABLE = YES;
				IPHONEOS_DEPLOYMENT_TARGET = 16.0;
				MTL_ENABLE_DEBUG_INFO = NO;
				MTL_FAST_MATH = YES;
				SDKROOT = iphoneos;
				SWIFT_COMPILATION_MODE = wholemodule;
				SWIFT_OPTIMIZATION_LEVEL = "-O";
				VALIDATE_PRODUCT = YES;
			};
			name = Release;
		};
		377ED9E029762EB400C418D5 /* Debug */ = {
			isa = XCBuildConfiguration;
			buildSettings = {
				ASSETCATALOG_COMPILER_APPICON_NAME = AppIcon;
				ASSETCATALOG_COMPILER_GLOBAL_ACCENT_COLOR_NAME = AccentColor;
				CODE_SIGN_STYLE = Automatic;
				CURRENT_PROJECT_VERSION = 1;
				DEVELOPMENT_TEAM = 3ZP94LX8H6;
				GENERATE_INFOPLIST_FILE = YES;
				INFOPLIST_FILE = BeeChat/Info.plist;
				INFOPLIST_KEY_UIApplicationSupportsIndirectInputEvents = YES;
				INFOPLIST_KEY_UILaunchStoryboardName = LaunchScreen;
				INFOPLIST_KEY_UIMainStoryboardFile = Main;
				INFOPLIST_KEY_UISupportedInterfaceOrientations = UIInterfaceOrientationPortrait;
				LD_RUNPATH_SEARCH_PATHS = (
					"$(inherited)",
					"@executable_path/Frameworks",
				);
				MARKETING_VERSION = 1.0;
				PRODUCT_BUNDLE_IDENTIFIER = com.beechat.group2.BeeChat;
				PRODUCT_NAME = "$(TARGET_NAME)";
				SWIFT_EMIT_LOC_STRINGS = YES;
				SWIFT_VERSION = 5.0;
				TARGETED_DEVICE_FAMILY = "1,2";
			};
			name = Debug;
		};
		377ED9E129762EB400C418D5 /* Release */ = {
			isa = XCBuildConfiguration;
			buildSettings = {
				ASSETCATALOG_COMPILER_APPICON_NAME = AppIcon;
				ASSETCATALOG_COMPILER_GLOBAL_ACCENT_COLOR_NAME = AccentColor;
				CODE_SIGN_STYLE = Automatic;
				CURRENT_PROJECT_VERSION = 1;
				DEVELOPMENT_TEAM = 3ZP94LX8H6;
				GENERATE_INFOPLIST_FILE = YES;
				INFOPLIST_FILE = BeeChat/Info.plist;
				INFOPLIST_KEY_UIApplicationSupportsIndirectInputEvents = YES;
				INFOPLIST_KEY_UILaunchStoryboardName = LaunchScreen;
				INFOPLIST_KEY_UIMainStoryboardFile = Main;
				INFOPLIST_KEY_UISupportedInterfaceOrientations = UIInterfaceOrientationPortrait;
				LD_RUNPATH_SEARCH_PATHS = (
					"$(inherited)",
					"@executable_path/Frameworks",
				);
				MARKETING_VERSION = 1.0;
				PRODUCT_BUNDLE_IDENTIFIER = com.beechat.group2.BeeChat;
				PRODUCT_NAME = "$(TARGET_NAME)";
				SWIFT_EMIT_LOC_STRINGS = YES;
				SWIFT_VERSION = 5.0;
				TARGETED_DEVICE_FAMILY = "1,2";
			};
			name = Release;
		};
/* End XCBuildConfiguration section */

/* Begin XCConfigurationList section */
		377ED9C629762EB200C418D5 /* Build configuration list for PBXProject "BeeChat" */ = {
			isa = XCConfigurationList;
			buildConfigurations = (
				377ED9DD29762EB400C418D5 /* Debug */,
				377ED9DE29762EB400C418D5 /* Release */,
			);
			defaultConfigurationIsVisible = 0;
			defaultConfigurationName = Release;
		};
		377ED9DF29762EB400C418D5 /* Build configuration list for PBXNativeTarget "BeeChat" */ = {
			isa = XCConfigurationList;
			buildConfigurations = (
				377ED9E029762EB400C418D5 /* Debug */,
				377ED9E129762EB400C418D5 /* Release */,
			);
			defaultConfigurationIsVisible = 0;
			defaultConfigurationName = Release;
		};
/* End XCConfigurationList section */

/* Begin XCRemoteSwiftPackageReference section */
		37669C9B298C65BB001AA388 /* XCRemoteSwiftPackageReference "firebase-ios-sdk" */ = {
			isa = XCRemoteSwiftPackageReference;
			repositoryURL = "https://github.com/firebase/firebase-ios-sdk.git";
			requirement = {
				branch = master;
				kind = branch;
			};
		};
		37669CA8298C6DAA001AA388 /* XCRemoteSwiftPackageReference "realm-swift" */ = {
			isa = XCRemoteSwiftPackageReference;
			repositoryURL = "https://github.com/realm/realm-swift.git";
			requirement = {
				branch = master;
				kind = branch;
			};
		};
		37669CAB298C71FF001AA388 /* XCRemoteSwiftPackageReference "Gallery" */ = {
			isa = XCRemoteSwiftPackageReference;
			repositoryURL = "https://github.com/hyperoslo/Gallery.git";
			requirement = {
				branch = master;
				kind = branch;
			};
		};
		37669CAE298C726B001AA388 /* XCRemoteSwiftPackageReference "MessageKit" */ = {
			isa = XCRemoteSwiftPackageReference;
			repositoryURL = "https://github.com/MessageKit/MessageKit.git";
			requirement = {
				branch = main;
				kind = branch;
			};
		};
		37669CB1298C72CC001AA388 /* XCRemoteSwiftPackageReference "ProgressHUD" */ = {
			isa = XCRemoteSwiftPackageReference;
			repositoryURL = "https://github.com/relatedcode/ProgressHUD.git";
			requirement = {
				branch = master;
				kind = branch;
			};
		};
		37669CB4298C73B9001AA388 /* XCRemoteSwiftPackageReference "SKPhotoBrowser" */ = {
			isa = XCRemoteSwiftPackageReference;
			repositoryURL = "https://github.com/suzuki-0000/SKPhotoBrowser.git";
			requirement = {
				branch = master;
				kind = branch;
			};
		};
		37669CB7298C7418001AA388 /* XCRemoteSwiftPackageReference "InputBarAccessoryView" */ = {
			isa = XCRemoteSwiftPackageReference;
			repositoryURL = "https://github.com/nathantannar4/InputBarAccessoryView.git";
			requirement = {
				kind = upToNextMajorVersion;
				minimumVersion = 6.0.0;
			};
		};
/* End XCRemoteSwiftPackageReference section */

/* Begin XCSwiftPackageProductDependency section */
		37669C9C298C65BB001AA388 /* FirebaseAnalytics */ = {
			isa = XCSwiftPackageProductDependency;
			package = 37669C9B298C65BB001AA388 /* XCRemoteSwiftPackageReference "firebase-ios-sdk" */;
			productName = FirebaseAnalytics;
		};
		37669C9E298C65BB001AA388 /* FirebaseAuth */ = {
			isa = XCSwiftPackageProductDependency;
			package = 37669C9B298C65BB001AA388 /* XCRemoteSwiftPackageReference "firebase-ios-sdk" */;
			productName = FirebaseAuth;
		};
		37669CA0298C65BB001AA388 /* FirebaseFirestore */ = {
			isa = XCSwiftPackageProductDependency;
			package = 37669C9B298C65BB001AA388 /* XCRemoteSwiftPackageReference "firebase-ios-sdk" */;
			productName = FirebaseFirestore;
		};
		37669CA2298C65BB001AA388 /* FirebaseFirestoreSwift */ = {
			isa = XCSwiftPackageProductDependency;
			package = 37669C9B298C65BB001AA388 /* XCRemoteSwiftPackageReference "firebase-ios-sdk" */;
			productName = FirebaseFirestoreSwift;
		};
		37669CA4298C65BB001AA388 /* FirebaseMessaging */ = {
			isa = XCSwiftPackageProductDependency;
			package = 37669C9B298C65BB001AA388 /* XCRemoteSwiftPackageReference "firebase-ios-sdk" */;
			productName = FirebaseMessaging;
		};
		37669CA6298C65BB001AA388 /* FirebaseStorage */ = {
			isa = XCSwiftPackageProductDependency;
			package = 37669C9B298C65BB001AA388 /* XCRemoteSwiftPackageReference "firebase-ios-sdk" */;
			productName = FirebaseStorage;
		};
		37669CA9298C6DAA001AA388 /* Realm */ = {
			isa = XCSwiftPackageProductDependency;
			package = 37669CA8298C6DAA001AA388 /* XCRemoteSwiftPackageReference "realm-swift" */;
			productName = Realm;
		};
		37669CAC298C71FF001AA388 /* Gallery */ = {
			isa = XCSwiftPackageProductDependency;
			package = 37669CAB298C71FF001AA388 /* XCRemoteSwiftPackageReference "Gallery" */;
			productName = Gallery;
		};
		37669CAF298C726B001AA388 /* MessageKit */ = {
			isa = XCSwiftPackageProductDependency;
			package = 37669CAE298C726B001AA388 /* XCRemoteSwiftPackageReference "MessageKit" */;
			productName = MessageKit;
		};
		37669CB2298C72CC001AA388 /* ProgressHUD */ = {
			isa = XCSwiftPackageProductDependency;
			package = 37669CB1298C72CC001AA388 /* XCRemoteSwiftPackageReference "ProgressHUD" */;
			productName = ProgressHUD;
		};
		37669CB5298C73B9001AA388 /* SKPhotoBrowser */ = {
			isa = XCSwiftPackageProductDependency;
			package = 37669CB4298C73B9001AA388 /* XCRemoteSwiftPackageReference "SKPhotoBrowser" */;
			productName = SKPhotoBrowser;
		};
		37669CB8298C7418001AA388 /* InputBarAccessoryView */ = {
			isa = XCSwiftPackageProductDependency;
			package = 37669CB7298C7418001AA388 /* XCRemoteSwiftPackageReference "InputBarAccessoryView" */;
			productName = InputBarAccessoryView;
		};
/* End XCSwiftPackageProductDependency section */
	};
	rootObject = 377ED9C329762EB200C418D5 /* Project object */;
}
